{
  "name": "cse341-fall2025",
  "version": "1.0.0",
  "description": "",
  "main": "server.js",
  "scripts": {
    "test": "echo \"Error: no test specified\" && exit 1",
    "start": "nodemon server.js",
    "swagger:gen": "node swagger.js"
  },
  "keywords": [],
  "author": "",
  "license": "ISC",
  "dependencies": {
    "dotenv": "^17.2.2",
    "express": "^4.21.2",
    "mongodb": "^6.20.0",
    "mongoose": "^8.18.2",
    "swagger-autogen": "^2.23.7",
    "swagger-ui-express": "^5.0.0"
  },
  "devDependencies": {
    "nodemon": "^3.1.10"
  }
}